
Microsoft Visual Studio Solution File, Format Version 12.00
# Visual Studio Version 17
VisualStudioVersion = 17.3.32804.467
MinimumVisualStudioVersion = 10.0.40219.1
Project("{9A19103F-16F7-4668-BE54-9A1E7A4F7556}") = "atod", "atod\atod.csproj", "{FDCA066F-5C6D-4F5B-8C91-6FC7ABF1218F}"
EndProject
Project("{FAE04EC0-301F-11D3-BF4B-00C04F79EFBC}") = "AToD.Deployment.MSI", "AToD.Deployment.MSI\AToD.Deployment.MSI.csproj", "{401D7485-2DEA-4987-B1FD-A1764645457C}"
EndProject
Project("{FAE04EC0-301F-11D3-BF4B-00C04F79EFBC}") = "AToD.Networking", "AToD.Networking\AToD.Networking.csproj", "{E7FC6B14-850A-455F-93AC-99E3A11C526C}"
EndProject
Global
	GlobalSection(SolutionConfigurationPlatforms) = preSolution
		Debug|ARM64 = Debug|ARM64
		Debug|x64 = Debug|x64
		Debug|x86 = Debug|x86
		Release|ARM64 = Release|ARM64
		Release|x64 = Release|x64
		Release|x86 = Release|x86
	EndGlobalSection
	GlobalSection(ProjectConfigurationPlatforms) = postSolution
		{FDCA066F-5C6D-4F5B-8C91-6FC7ABF1218F}.Debug|ARM64.ActiveCfg = Debug|ARM64
		{FDCA066F-5C6D-4F5B-8C91-6FC7ABF1218F}.Debug|ARM64.Build.0 = Debug|ARM64
		{FDCA066F-5C6D-4F5B-8C91-6FC7ABF1218F}.Debug|x64.ActiveCfg = Debug|x64
		{FDCA066F-5C6D-4F5B-8C91-6FC7ABF1218F}.Debug|x64.Build.0 = Debug|x64
		{FDCA066F-5C6D-4F5B-8C91-6FC7ABF1218F}.Debug|x86.ActiveCfg = Debug|x86
		{FDCA066F-5C6D-4F5B-8C91-6FC7ABF1218F}.Debug|x86.Build.0 = Debug|x86
		{FDCA066F-5C6D-4F5B-8C91-6FC7ABF1218F}.Release|ARM64.ActiveCfg = Release|ARM64
		{FDCA066F-5C6D-4F5B-8C91-6FC7ABF1218F}.Release|ARM64.Build.0 = Release|ARM64
		{FDCA066F-5C6D-4F5B-8C91-6FC7ABF1218F}.Release|x64.ActiveCfg = Release|x64
		{FDCA066F-5C6D-4F5B-8C91-6FC7ABF1218F}.Release|x64.Build.0 = Release|x64
		{FDCA066F-5C6D-4F5B-8C91-6FC7ABF1218F}.Release|x86.ActiveCfg = Release|x86
		{FDCA066F-5C6D-4F5B-8C91-6FC7ABF1218F}.Release|x86.Build.0 = Release|x86
		{401D7485-2DEA-4987-B1FD-A1764645457C}.Debug|ARM64.ActiveCfg = Debug|ARM64
		{401D7485-2DEA-4987-B1FD-A1764645457C}.Debug|ARM64.Build.0 = Debug|ARM64
		{401D7485-2DEA-4987-B1FD-A1764645457C}.Debug|x64.ActiveCfg = Debug|x64
		{401D7485-2DEA-4987-B1FD-A1764645457C}.Debug|x64.Build.0 = Debug|x64
		{401D7485-2DEA-4987-B1FD-A1764645457C}.Debug|x86.ActiveCfg = Debug|x86
		{401D7485-2DEA-4987-B1FD-A1764645457C}.Debug|x86.Build.0 = Debug|x86
		{401D7485-2DEA-4987-B1FD-A1764645457C}.Release|ARM64.ActiveCfg = Release|ARM64
		{401D7485-2DEA-4987-B1FD-A1764645457C}.Release|ARM64.Build.0 = Release|ARM64
		{401D7485-2DEA-4987-B1FD-A1764645457C}.Release|x64.ActiveCfg = Release|x64
		{401D7485-2DEA-4987-B1FD-A1764645457C}.Release|x64.Build.0 = Release|x64
		{401D7485-2DEA-4987-B1FD-A1764645457C}.Release|x86.ActiveCfg = Release|x86
		{401D7485-2DEA-4987-B1FD-A1764645457C}.Release|x86.Build.0 = Release|x86
		{E7FC6B14-850A-455F-93AC-99E3A11C526C}.Debug|ARM64.ActiveCfg = Debug|ARM64
		{E7FC6B14-850A-455F-93AC-99E3A11C526C}.Debug|ARM64.Build.0 = Debug|ARM64
		{E7FC6B14-850A-455F-93AC-99E3A11C526C}.Debug|x64.ActiveCfg = Debug|x64
		{E7FC6B14-850A-455F-93AC-99E3A11C526C}.Debug|x64.Build.0 = Debug|x64
		{E7FC6B14-850A-455F-93AC-99E3A11C526C}.Debug|x86.ActiveCfg = Debug|x86
		{E7FC6B14-850A-455F-93AC-99E3A11C526C}.Debug|x86.Build.0 = Debug|x86
		{E7FC6B14-850A-455F-93AC-99E3A11C526C}.Release|ARM64.ActiveCfg = Release|ARM64
		{E7FC6B14-850A-455F-93AC-99E3A11C526C}.Release|ARM64.Build.0 = Release|ARM64
		{E7FC6B14-850A-455F-93AC-99E3A11C526C}.Release|x64.ActiveCfg = Release|x64
		{E7FC6B14-850A-455F-93AC-99E3A11C526C}.Release|x64.Build.0 = Release|x64
		{E7FC6B14-850A-455F-93AC-99E3A11C526C}.Release|x86.ActiveCfg = Release|x86
		{E7FC6B14-850A-455F-93AC-99E3A11C526C}.Release|x86.Build.0 = Release|x86
	EndGlobalSection
	GlobalSection(SolutionProperties) = preSolution
		HideSolutionNode = FALSE
	EndGlobalSection
	GlobalSection(ExtensibilityGlobals) = postSolution
		SolutionGuid = {98B66651-5F37-423C-A50F-05A9822C5250}
	EndGlobalSection
EndGlobal
